{
  "name": "python-worker-repro",
  "version": "1.0.0",
  "lockfileVersion": 3,
  "requires": true,
  "packages": {
    "": {
      "name": "python-worker-repro",
      "version": "1.0.0",
      "license": "MIT",
      "dependencies": {
        "node-calls-python": "^1.8.4"
      }
    },
    "node_modules/node-calls-python": {
      "version": "1.8.4",
      "resolved": "https://registry.npmjs.org/node-calls-python/-/node-calls-python-1.8.4.tgz",
      "integrity": "sha512-JNVE+ZJ+3vSL+s413XZrSdEa2z34N26dpIrVKWIxRRK13AqmiS9myj/1DlzNSUpmlpZoUOc7nUQZ4ZEygPkEeA==",
      "hasInstallScript": true
    }
  }
}
